# THIS IS AN AUTOGENERATED FILE. DO NOT EDIT THIS FILE DIRECTLY.
# yarn lockfile v1


base-x@^3.0.2:
  version "3.0.6"
  resolved "https://registry.yarnpkg.com/base-x/-/base-x-3.0.6.tgz#de047ec95f5f7b99ae63d830a2a894c96538b2cd"
  integrity sha512-4PaF8u2+AlViJxRVjurkLTxpp7CaFRD/jo5rPT9ONnKxyhQ8f59yzamEvq7EkriG56yn5On4ONyaG75HLqr46w==
  dependencies:
    safe-buffer "^5.0.1"

bs58@^4.0.1:
  version "4.0.1"
  resolved "https://registry.yarnpkg.com/bs58/-/bs58-4.0.1.tgz#be161e76c354f6f788ae4071f63f34e8c4f0a42a"
  integrity sha1-vhYedsNU9veIrkBx9j806MTwpCo=
  dependencies:
    base-x "^3.0.2"

matplotnode@^0.4.2:
  version "0.4.2"
  resolved "https://registry.yarnpkg.com/matplotnode/-/matplotnode-0.4.2.tgz#9ddc508f798eac458fdfcf89a315981b7d8ecbc2"
  integrity sha512-PvamLgebQbPQ9eJs8bkyODnabWRmKivAAgEuP9Kg8gpXiEUwPFL3cPfLfZtHQhqYCwmzjIsMjrWfz2UPf2jrUA==

progress@^2.0.3:
  version "2.0.3"
  resolved "https://registry.yarnpkg.com/progress/-/progress-2.0.3.tgz#7e8cf8d8f5b8f239c1bc68beb4eb78567d572ef8"
  integrity sha512-7PiHtLll5LdnKIMw100I+8xJXR5gW2QwWYkT6iJva0bXitZKa/XMrSbdmg3r2Xnaidz9Qumd0VPaMrZlF9V9sA==

safe-buffer@^5.0.1:
  version "5.2.0"
  resolved "https://registry.yarnpkg.com/safe-buffer/-/safe-buffer-5.2.0.tgz#b74daec49b1148f88c64b68d49b1e815c1f2f519"
  integrity sha512-fZEwUGbVl7kouZs1jCdMLdt95hdIv0ZeHg6L7qPeciMZhZ+/gdesW4wgTARkrFWEpspjEATAzUGPG8N2jJiwbg==
